
Microsoft Visual Studio Solution File, Format Version 12.00
# Visual Studio Version 16
VisualStudioVersion = 16.0.28922.388
MinimumVisualStudioVersion = 10.0.40219.1
Project("{9A19103F-16F7-4668-BE54-9A1E7A4F7556}") = "SouthRealEstate", "SouthRealEstate\SouthRealEstate.csproj", "{97E3D56B-5D42-4C2F-9F38-B42F8846B170}"
EndProject
Project("{9A19103F-16F7-4668-BE54-9A1E7A4F7556}") = "SouthRealEstate.DAL", "SouthRealEstate.DAL\SouthRealEstate.DAL.csproj", "{A75B5E54-4DE5-48DE-A3ED-B7305D6C6BA5}"
EndProject
Project("{9A19103F-16F7-4668-BE54-9A1E7A4F7556}") = "SouthRealEstate.Helpers", "SouthRealEstate.Helpers\SouthRealEstate.Helpers.csproj", "{7B331852-8006-4253-913E-8FFF1FDFD142}"
EndProject
Project("{9A19103F-16F7-4668-BE54-9A1E7A4F7556}") = "SouthRealEstate.Console", "SouthRealEstate.Console\SouthRealEstate.Console.csproj", "{1FE6385A-D228-4962-92B0-C3EC33726D85}"
EndProject
Project("{2150E333-8FDC-42A3-9474-1A3956D46DE8}") = "DAL", "DAL", "{159A7160-49F5-46B9-8C69-29F40CEEF2ED}"
EndProject
Project("{9A19103F-16F7-4668-BE54-9A1E7A4F7556}") = "SouthRealEstate.DAL.Console", "SouthRealEstate.DAL.Console\SouthRealEstate.DAL.Console.csproj", "{96933DE0-78F4-4F16-AA05-F46AB8916475}"
EndProject
Project("{FAE04EC0-301F-11D3-BF4B-00C04F79EFBC}") = "SouthRealEstate.Model", "SouthRealEstate.Model\SouthRealEstate.Model.csproj", "{18222938-1A56-4E59-A5F8-43CB9741031C}"
EndProject
Global
	GlobalSection(SolutionConfigurationPlatforms) = preSolution
		Debug|Any CPU = Debug|Any CPU
		Release|Any CPU = Release|Any CPU
	EndGlobalSection
	GlobalSection(ProjectConfigurationPlatforms) = postSolution
		{97E3D56B-5D42-4C2F-9F38-B42F8846B170}.Debug|Any CPU.ActiveCfg = Debug|Any CPU
		{97E3D56B-5D42-4C2F-9F38-B42F8846B170}.Debug|Any CPU.Build.0 = Debug|Any CPU
		{97E3D56B-5D42-4C2F-9F38-B42F8846B170}.Release|Any CPU.ActiveCfg = Release|Any CPU
		{97E3D56B-5D42-4C2F-9F38-B42F8846B170}.Release|Any CPU.Build.0 = Release|Any CPU
		{A75B5E54-4DE5-48DE-A3ED-B7305D6C6BA5}.Debug|Any CPU.ActiveCfg = Debug|Any CPU
		{A75B5E54-4DE5-48DE-A3ED-B7305D6C6BA5}.Debug|Any CPU.Build.0 = Debug|Any CPU
		{A75B5E54-4DE5-48DE-A3ED-B7305D6C6BA5}.Release|Any CPU.ActiveCfg = Release|Any CPU
		{A75B5E54-4DE5-48DE-A3ED-B7305D6C6BA5}.Release|Any CPU.Build.0 = Release|Any CPU
		{7B331852-8006-4253-913E-8FFF1FDFD142}.Debug|Any CPU.ActiveCfg = Debug|Any CPU
		{7B331852-8006-4253-913E-8FFF1FDFD142}.Debug|Any CPU.Build.0 = Debug|Any CPU
		{7B331852-8006-4253-913E-8FFF1FDFD142}.Release|Any CPU.ActiveCfg = Release|Any CPU
		{7B331852-8006-4253-913E-8FFF1FDFD142}.Release|Any CPU.Build.0 = Release|Any CPU
		{1FE6385A-D228-4962-92B0-C3EC33726D85}.Debug|Any CPU.ActiveCfg = Debug|Any CPU
		{1FE6385A-D228-4962-92B0-C3EC33726D85}.Debug|Any CPU.Build.0 = Debug|Any CPU
		{1FE6385A-D228-4962-92B0-C3EC33726D85}.Release|Any CPU.ActiveCfg = Release|Any CPU
		{1FE6385A-D228-4962-92B0-C3EC33726D85}.Release|Any CPU.Build.0 = Release|Any CPU
		{96933DE0-78F4-4F16-AA05-F46AB8916475}.Debug|Any CPU.ActiveCfg = Debug|Any CPU
		{96933DE0-78F4-4F16-AA05-F46AB8916475}.Debug|Any CPU.Build.0 = Debug|Any CPU
		{96933DE0-78F4-4F16-AA05-F46AB8916475}.Release|Any CPU.ActiveCfg = Release|Any CPU
		{96933DE0-78F4-4F16-AA05-F46AB8916475}.Release|Any CPU.Build.0 = Release|Any CPU
		{18222938-1A56-4E59-A5F8-43CB9741031C}.Debug|Any CPU.ActiveCfg = Debug|Any CPU
		{18222938-1A56-4E59-A5F8-43CB9741031C}.Debug|Any CPU.Build.0 = Debug|Any CPU
		{18222938-1A56-4E59-A5F8-43CB9741031C}.Release|Any CPU.ActiveCfg = Release|Any CPU
		{18222938-1A56-4E59-A5F8-43CB9741031C}.Release|Any CPU.Build.0 = Release|Any CPU
	EndGlobalSection
	GlobalSection(SolutionProperties) = preSolution
		HideSolutionNode = FALSE
	EndGlobalSection
	GlobalSection(NestedProjects) = preSolution
		{A75B5E54-4DE5-48DE-A3ED-B7305D6C6BA5} = {159A7160-49F5-46B9-8C69-29F40CEEF2ED}
		{96933DE0-78F4-4F16-AA05-F46AB8916475} = {159A7160-49F5-46B9-8C69-29F40CEEF2ED}
	EndGlobalSection
	GlobalSection(ExtensibilityGlobals) = postSolution
		SolutionGuid = {B981DA53-297D-4C45-906A-341E748204C1}
	EndGlobalSection
EndGlobal
